
Microsoft Visual Studio Solution File, Format Version 12.00
# Visual Studio Version 17
VisualStudioVersion = 17.14.37012.4 d17.14
MinimumVisualStudioVersion = 10.0.40219.1
Project("{FAE04EC0-301F-11D3-BF4B-00C04F79EFBC}") = "SkyScan.Presentation", "SkyScan.Presentation.csproj", "{13296210-62E1-4C4F-8ACA-647F0082B6FA}"
EndProject
Project("{FAE04EC0-301F-11D3-BF4B-00C04F79EFBC}") = "SkyScan.Core", "..\SkyScan.Core\SkyScan.Core.csproj", "{CFFE925A-A7EC-410E-8061-548284ADF77A}"
EndProject
Project("{FAE04EC0-301F-11D3-BF4B-00C04F79EFBC}") = "SkyScan.Application", "..\SkyScan.Application\SkyScan.Application.csproj", "{FCDDF03C-7D73-4E10-B3C2-0EB68D12CF3E}"
EndProject
Project("{FAE04EC0-301F-11D3-BF4B-00C04F79EFBC}") = "SkyScan.Infrastructure", "..\SkyScan.Infrastructure\SkyScan.Infrastructure.csproj", "{6F1A9216-8AB8-4951-88C0-6D6211C16826}"
EndProject
Global
	GlobalSection(SolutionConfigurationPlatforms) = preSolution
		Debug|Any CPU = Debug|Any CPU
		Release|Any CPU = Release|Any CPU
	EndGlobalSection
	GlobalSection(ProjectConfigurationPlatforms) = postSolution
		{13296210-62E1-4C4F-8ACA-647F0082B6FA}.Debug|Any CPU.ActiveCfg = Debug|Any CPU
		{13296210-62E1-4C4F-8ACA-647F0082B6FA}.Debug|Any CPU.Build.0 = Debug|Any CPU
		{13296210-62E1-4C4F-8ACA-647F0082B6FA}.Release|Any CPU.ActiveCfg = Release|Any CPU
		{13296210-62E1-4C4F-8ACA-647F0082B6FA}.Release|Any CPU.Build.0 = Release|Any CPU
		{CFFE925A-A7EC-410E-8061-548284ADF77A}.Debug|Any CPU.ActiveCfg = Debug|Any CPU
		{CFFE925A-A7EC-410E-8061-548284ADF77A}.Debug|Any CPU.Build.0 = Debug|Any CPU
		{CFFE925A-A7EC-410E-8061-548284ADF77A}.Release|Any CPU.ActiveCfg = Release|Any CPU
		{CFFE925A-A7EC-410E-8061-548284ADF77A}.Release|Any CPU.Build.0 = Release|Any CPU
		{FCDDF03C-7D73-4E10-B3C2-0EB68D12CF3E}.Debug|Any CPU.ActiveCfg = Debug|Any CPU
		{FCDDF03C-7D73-4E10-B3C2-0EB68D12CF3E}.Debug|Any CPU.Build.0 = Debug|Any CPU
		{FCDDF03C-7D73-4E10-B3C2-0EB68D12CF3E}.Release|Any CPU.ActiveCfg = Release|Any CPU
		{FCDDF03C-7D73-4E10-B3C2-0EB68D12CF3E}.Release|Any CPU.Build.0 = Release|Any CPU
		{6F1A9216-8AB8-4951-88C0-6D6211C16826}.Debug|Any CPU.ActiveCfg = Debug|Any CPU
		{6F1A9216-8AB8-4951-88C0-6D6211C16826}.Debug|Any CPU.Build.0 = Debug|Any CPU
		{6F1A9216-8AB8-4951-88C0-6D6211C16826}.Release|Any CPU.ActiveCfg = Release|Any CPU
		{6F1A9216-8AB8-4951-88C0-6D6211C16826}.Release|Any CPU.Build.0 = Release|Any CPU
	EndGlobalSection
	GlobalSection(SolutionProperties) = preSolution
		HideSolutionNode = FALSE
	EndGlobalSection
	GlobalSection(ExtensibilityGlobals) = postSolution
		SolutionGuid = {B376A1FE-0BEF-43DC-A67E-246CB826690E}
	EndGlobalSection
EndGlobal
